
Microsoft Visual Studio Solution File, Format Version 12.00
# Visual Studio Version 17
VisualStudioVersion = 17.0.32126.317
MinimumVisualStudioVersion = 10.0.40219.1
Project("{FAE04EC0-301F-11D3-BF4B-00C04F79EFBC}") = "exame 2", "exame 2\exame 2.csproj", "{2201599D-47C5-4CEA-979D-1988479FBCB1}"
EndProject
Global
	GlobalSection(SolutionConfigurationPlatforms) = preSolution
		Debug|Any CPU = Debug|Any CPU
		Release|Any CPU = Release|Any CPU
	EndGlobalSection
	GlobalSection(ProjectConfigurationPlatforms) = postSolution
		{2201599D-47C5-4CEA-979D-1988479FBCB1}.Debug|Any CPU.ActiveCfg = Debug|Any CPU
		{2201599D-47C5-4CEA-979D-1988479FBCB1}.Debug|Any CPU.Build.0 = Debug|Any CPU
		{2201599D-47C5-4CEA-979D-1988479FBCB1}.Release|Any CPU.ActiveCfg = Release|Any CPU
		{2201599D-47C5-4CEA-979D-1988479FBCB1}.Release|Any CPU.Build.0 = Release|Any CPU
	EndGlobalSection
	GlobalSection(SolutionProperties) = preSolution
		HideSolutionNode = FALSE
	EndGlobalSection
	GlobalSection(ExtensibilityGlobals) = postSolution
		SolutionGuid = {C73BA61B-D609-4D39-BE12-93C44150EACC}
	EndGlobalSection
EndGlobal
